
Microsoft Visual Studio Solution File, Format Version 10.00
# Visual Studio 2008
Project("{8BC9CEB8-8B4A-11D0-8D11-00A0C91BC942}") = "boost.test", "boost.test.vcproj", "{387D8539-1D65-448A-9C50-A36CEE91224A}"
EndProject
Global
	GlobalSection(SolutionConfigurationPlatforms) = preSolution
		Debug|Win32 = Debug|Win32
		Release|Win32 = Release|Win32
	EndGlobalSection
	GlobalSection(ProjectConfigurationPlatforms) = postSolution
		{387D8539-1D65-448A-9C50-A36CEE91224A}.Debug|Win32.ActiveCfg = Debug|Win32
		{387D8539-1D65-448A-9C50-A36CEE91224A}.Debug|Win32.Build.0 = Debug|Win32
		{387D8539-1D65-448A-9C50-A36CEE91224A}.Release|Win32.ActiveCfg = Release|Win32
		{387D8539-1D65-448A-9C50-A36CEE91224A}.Release|Win32.Build.0 = Release|Win32
	EndGlobalSection
	GlobalSection(SolutionProperties) = preSolution
		HideSolutionNode = FALSE
	EndGlobalSection
EndGlobal
